
Microsoft Visual Studio Solution File, Format Version 12.00
# Visual Studio Version 17
VisualStudioVersion = 17.14.36511.14 d17.14
MinimumVisualStudioVersion = 10.0.40219.1
Project("{FAE04EC0-301F-11D3-BF4B-00C04F79EFBC}") = "WeatherObserver", "WeatherObserver.csproj", "{626B816A-4D4B-476D-86F4-E8A500F01756}"
EndProject
Global
	GlobalSection(SolutionConfigurationPlatforms) = preSolution
		Debug|Any CPU = Debug|Any CPU
		Debug|x64 = Debug|x64
		Release|Any CPU = Release|Any CPU
		Release|x64 = Release|x64
	EndGlobalSection
	GlobalSection(ProjectConfigurationPlatforms) = postSolution
		{626B816A-4D4B-476D-86F4-E8A500F01756}.Debug|Any CPU.ActiveCfg = Debug|Any CPU
		{626B816A-4D4B-476D-86F4-E8A500F01756}.Debug|Any CPU.Build.0 = Debug|Any CPU
		{626B816A-4D4B-476D-86F4-E8A500F01756}.Debug|x64.ActiveCfg = Debug|x64
		{626B816A-4D4B-476D-86F4-E8A500F01756}.Debug|x64.Build.0 = Debug|x64
		{626B816A-4D4B-476D-86F4-E8A500F01756}.Release|Any CPU.ActiveCfg = Release|Any CPU
		{626B816A-4D4B-476D-86F4-E8A500F01756}.Release|Any CPU.Build.0 = Release|Any CPU
		{626B816A-4D4B-476D-86F4-E8A500F01756}.Release|x64.ActiveCfg = Release|x64
		{626B816A-4D4B-476D-86F4-E8A500F01756}.Release|x64.Build.0 = Release|x64
	EndGlobalSection
	GlobalSection(SolutionProperties) = preSolution
		HideSolutionNode = FALSE
	EndGlobalSection
	GlobalSection(ExtensibilityGlobals) = postSolution
		SolutionGuid = {C36F0DE7-6E83-4735-8FCD-40636D81B9D9}
	EndGlobalSection
EndGlobal
